<Solution>
  <Project Path="Fabric.Server\Fabric.Server.csproj" />
  <Project Path="access-control\unipass\AccessControl.Unipass\AccessControl.Unipass.csproj" />
  <Project Path="access-control\unipass\AccessControl.Unipass.Tests\AccessControl.Unipass.Tests.csproj" />
  <Project Path="hardware\Fabric.Hardware.Contracts\Fabric.Hardware.Contracts.csproj" />
</Solution>
